
Microsoft Visual Studio Solution File, Format Version 12.00
# Visual Studio Version 17
VisualStudioVersion = 17.7.34003.232
MinimumVisualStudioVersion = 10.0.40219.1
Project("{FAE04EC0-301F-11D3-BF4B-00C04F79EFBC}") = "task1", "task1\task1.csproj", "{2F01172C-217E-4471-8CE8-26CC6CADD9FF}"
EndProject
Global
	GlobalSection(SolutionConfigurationPlatforms) = preSolution
		Debug|Any CPU = Debug|Any CPU
		Release|Any CPU = Release|Any CPU
	EndGlobalSection
	GlobalSection(ProjectConfigurationPlatforms) = postSolution
		{2F01172C-217E-4471-8CE8-26CC6CADD9FF}.Debug|Any CPU.ActiveCfg = Debug|Any CPU
		{2F01172C-217E-4471-8CE8-26CC6CADD9FF}.Debug|Any CPU.Build.0 = Debug|Any CPU
		{2F01172C-217E-4471-8CE8-26CC6CADD9FF}.Release|Any CPU.ActiveCfg = Release|Any CPU
		{2F01172C-217E-4471-8CE8-26CC6CADD9FF}.Release|Any CPU.Build.0 = Release|Any CPU
	EndGlobalSection
	GlobalSection(SolutionProperties) = preSolution
		HideSolutionNode = FALSE
	EndGlobalSection
	GlobalSection(ExtensibilityGlobals) = postSolution
		SolutionGuid = {1F59B71E-9B18-4823-85E3-39843762B81D}
	EndGlobalSection
EndGlobal
