
Microsoft Visual Studio Solution File, Format Version 12.00
# Visual Studio Version 17
VisualStudioVersion = 17.7.34003.232
MinimumVisualStudioVersion = 10.0.40219.1
Project("{FAE04EC0-301F-11D3-BF4B-00C04F79EFBC}") = "OAT_1", "OAT_1\OAT_1.csproj", "{0CC26376-3EF2-44BF-B1C0-9CDE758B6D10}"
EndProject
Global
	GlobalSection(SolutionConfigurationPlatforms) = preSolution
		Debug|Any CPU = Debug|Any CPU
		Release|Any CPU = Release|Any CPU
	EndGlobalSection
	GlobalSection(ProjectConfigurationPlatforms) = postSolution
		{0CC26376-3EF2-44BF-B1C0-9CDE758B6D10}.Debug|Any CPU.ActiveCfg = Debug|Any CPU
		{0CC26376-3EF2-44BF-B1C0-9CDE758B6D10}.Debug|Any CPU.Build.0 = Debug|Any CPU
		{0CC26376-3EF2-44BF-B1C0-9CDE758B6D10}.Release|Any CPU.ActiveCfg = Release|Any CPU
		{0CC26376-3EF2-44BF-B1C0-9CDE758B6D10}.Release|Any CPU.Build.0 = Release|Any CPU
	EndGlobalSection
	GlobalSection(SolutionProperties) = preSolution
		HideSolutionNode = FALSE
	EndGlobalSection
	GlobalSection(ExtensibilityGlobals) = postSolution
		SolutionGuid = {8A54A08F-EAAC-4AA1-9F50-78D589E470A2}
	EndGlobalSection
EndGlobal
